
Microsoft Visual Studio Solution File, Format Version 12.00
# Visual Studio Version 16
VisualStudioVersion = 16.0.30114.105
MinimumVisualStudioVersion = 10.0.40219.1
Project("{2150E333-8FDC-42A3-9474-1A3956D46DE8}") = "Bakery.Services", "Bakery.Services", "{E014F18A-B475-4387-A508-7C2A69F4FAF5}"
EndProject
Project("{2150E333-8FDC-42A3-9474-1A3956D46DE8}") = "Bakery.Member", "Bakery.Member", "{013311D9-EA08-4E50-A3DD-C2019622BB87}"
EndProject
Project("{FAE04EC0-301F-11D3-BF4B-00C04F79EFBC}") = "Bakery.Member.Api", "Bakery.Services\Bakery.Member\Bakery.Member.Api\Bakery.Member.Api.csproj", "{8AE73BE6-FD07-4512-92F4-3E7DA40FF1FB}"
EndProject
Project("{FAE04EC0-301F-11D3-BF4B-00C04F79EFBC}") = "Bakery.Member.Core", "Bakery.Services\Bakery.Member\Bakery.Member.Core\Bakery.Member.Core.csproj", "{6085B861-8525-4AC0-A0FE-478F20E17B46}"
EndProject
Project("{FAE04EC0-301F-11D3-BF4B-00C04F79EFBC}") = "Bakery.Member.Infrastructure", "Bakery.Services\Bakery.Member\Bakery.Member.Infrastructure\Bakery.Member.Infrastructure.csproj", "{37D26505-BB97-4A90-A41E-59E4152CFB46}"
EndProject
Project("{2150E333-8FDC-42A3-9474-1A3956D46DE8}") = "Bakery.EventBus", "Bakery.EventBus", "{532262D5-9775-44AA-AEA8-DA692DDD1428}"
EndProject
Project("{FAE04EC0-301F-11D3-BF4B-00C04F79EFBC}") = "Bakery.EventBus", "Bakery.EventBus\Bakery.EventBus\Bakery.EventBus.csproj", "{0DCD2EE8-E7AB-44A6-A6E4-39337832FAC4}"
EndProject
Project("{FAE04EC0-301F-11D3-BF4B-00C04F79EFBC}") = "Bakery.EventBusRabbitMQ", "Bakery.EventBus\Bakery.EventBusRabbitMQ\Bakery.EventBusRabbitMQ.csproj", "{88D57A5D-0E0B-4164-89A1-54C7E25824F2}"
EndProject
Project("{2150E333-8FDC-42A3-9474-1A3956D46DE8}") = "Bakery.Email", "Bakery.Email", "{C4D93D33-01D4-490A-951B-CF17765E34C9}"
EndProject
Project("{FAE04EC0-301F-11D3-BF4B-00C04F79EFBC}") = "Bakery.Email.Api", "Bakery.Services\Bakery.Email\Bakery.Email.Api\Bakery.Email.Api.csproj", "{0C2A69DF-B5AB-45AF-A68A-729E5D0782FF}"
EndProject
Project("{FAE04EC0-301F-11D3-BF4B-00C04F79EFBC}") = "Bakery.Email.Core", "Bakery.Services\Bakery.Email\Bakery.Email.Core\Bakery.Email.Core.csproj", "{9835D7AB-CD65-40A1-B000-2DB24AA863DE}"
EndProject
Project("{FAE04EC0-301F-11D3-BF4B-00C04F79EFBC}") = "Bakery.Email.Infrastructure", "Bakery.Services\Bakery.Email\Bakery.Email.Infrastructure\Bakery.Email.Infrastructure.csproj", "{40455E3F-351E-41FB-B6FA-2B6A6681AA8F}"
EndProject
Project("{2150E333-8FDC-42A3-9474-1A3956D46DE8}") = "Bakery.SharedKernel", "Bakery.SharedKernel", "{17EADEB1-D8A1-4F42-8AB2-5662FE548C70}"
EndProject
Project("{FAE04EC0-301F-11D3-BF4B-00C04F79EFBC}") = "Bakery.MongoDBRepository", "Bakery.SharedKernel\Bakery.MongoDBRepository\Bakery.MongoDBRepository.csproj", "{C5A96EB5-782B-4CDB-BCD9-F1A72FF51968}"
EndProject
Global
	GlobalSection(SolutionConfigurationPlatforms) = preSolution
		Debug|Any CPU = Debug|Any CPU
		Release|Any CPU = Release|Any CPU
	EndGlobalSection
	GlobalSection(SolutionProperties) = preSolution
		HideSolutionNode = FALSE
	EndGlobalSection
	GlobalSection(ProjectConfigurationPlatforms) = postSolution
		{8AE73BE6-FD07-4512-92F4-3E7DA40FF1FB}.Debug|Any CPU.ActiveCfg = Debug|Any CPU
		{8AE73BE6-FD07-4512-92F4-3E7DA40FF1FB}.Debug|Any CPU.Build.0 = Debug|Any CPU
		{8AE73BE6-FD07-4512-92F4-3E7DA40FF1FB}.Release|Any CPU.ActiveCfg = Release|Any CPU
		{8AE73BE6-FD07-4512-92F4-3E7DA40FF1FB}.Release|Any CPU.Build.0 = Release|Any CPU
		{6085B861-8525-4AC0-A0FE-478F20E17B46}.Debug|Any CPU.ActiveCfg = Debug|Any CPU
		{6085B861-8525-4AC0-A0FE-478F20E17B46}.Debug|Any CPU.Build.0 = Debug|Any CPU
		{6085B861-8525-4AC0-A0FE-478F20E17B46}.Release|Any CPU.ActiveCfg = Release|Any CPU
		{6085B861-8525-4AC0-A0FE-478F20E17B46}.Release|Any CPU.Build.0 = Release|Any CPU
		{37D26505-BB97-4A90-A41E-59E4152CFB46}.Debug|Any CPU.ActiveCfg = Debug|Any CPU
		{37D26505-BB97-4A90-A41E-59E4152CFB46}.Debug|Any CPU.Build.0 = Debug|Any CPU
		{37D26505-BB97-4A90-A41E-59E4152CFB46}.Release|Any CPU.ActiveCfg = Release|Any CPU
		{37D26505-BB97-4A90-A41E-59E4152CFB46}.Release|Any CPU.Build.0 = Release|Any CPU
		{0DCD2EE8-E7AB-44A6-A6E4-39337832FAC4}.Debug|Any CPU.ActiveCfg = Debug|Any CPU
		{0DCD2EE8-E7AB-44A6-A6E4-39337832FAC4}.Debug|Any CPU.Build.0 = Debug|Any CPU
		{0DCD2EE8-E7AB-44A6-A6E4-39337832FAC4}.Release|Any CPU.ActiveCfg = Release|Any CPU
		{0DCD2EE8-E7AB-44A6-A6E4-39337832FAC4}.Release|Any CPU.Build.0 = Release|Any CPU
		{88D57A5D-0E0B-4164-89A1-54C7E25824F2}.Debug|Any CPU.ActiveCfg = Debug|Any CPU
		{88D57A5D-0E0B-4164-89A1-54C7E25824F2}.Debug|Any CPU.Build.0 = Debug|Any CPU
		{88D57A5D-0E0B-4164-89A1-54C7E25824F2}.Release|Any CPU.ActiveCfg = Release|Any CPU
		{88D57A5D-0E0B-4164-89A1-54C7E25824F2}.Release|Any CPU.Build.0 = Release|Any CPU
		{0C2A69DF-B5AB-45AF-A68A-729E5D0782FF}.Debug|Any CPU.ActiveCfg = Debug|Any CPU
		{0C2A69DF-B5AB-45AF-A68A-729E5D0782FF}.Debug|Any CPU.Build.0 = Debug|Any CPU
		{0C2A69DF-B5AB-45AF-A68A-729E5D0782FF}.Release|Any CPU.ActiveCfg = Release|Any CPU
		{0C2A69DF-B5AB-45AF-A68A-729E5D0782FF}.Release|Any CPU.Build.0 = Release|Any CPU
		{9835D7AB-CD65-40A1-B000-2DB24AA863DE}.Debug|Any CPU.ActiveCfg = Debug|Any CPU
		{9835D7AB-CD65-40A1-B000-2DB24AA863DE}.Debug|Any CPU.Build.0 = Debug|Any CPU
		{9835D7AB-CD65-40A1-B000-2DB24AA863DE}.Release|Any CPU.ActiveCfg = Release|Any CPU
		{9835D7AB-CD65-40A1-B000-2DB24AA863DE}.Release|Any CPU.Build.0 = Release|Any CPU
		{40455E3F-351E-41FB-B6FA-2B6A6681AA8F}.Debug|Any CPU.ActiveCfg = Debug|Any CPU
		{40455E3F-351E-41FB-B6FA-2B6A6681AA8F}.Debug|Any CPU.Build.0 = Debug|Any CPU
		{40455E3F-351E-41FB-B6FA-2B6A6681AA8F}.Release|Any CPU.ActiveCfg = Release|Any CPU
		{40455E3F-351E-41FB-B6FA-2B6A6681AA8F}.Release|Any CPU.Build.0 = Release|Any CPU
		{C5A96EB5-782B-4CDB-BCD9-F1A72FF51968}.Debug|Any CPU.ActiveCfg = Debug|Any CPU
		{C5A96EB5-782B-4CDB-BCD9-F1A72FF51968}.Debug|Any CPU.Build.0 = Debug|Any CPU
		{C5A96EB5-782B-4CDB-BCD9-F1A72FF51968}.Release|Any CPU.ActiveCfg = Release|Any CPU
		{C5A96EB5-782B-4CDB-BCD9-F1A72FF51968}.Release|Any CPU.Build.0 = Release|Any CPU
	EndGlobalSection
	GlobalSection(NestedProjects) = preSolution
		{013311D9-EA08-4E50-A3DD-C2019622BB87} = {E014F18A-B475-4387-A508-7C2A69F4FAF5}
		{8AE73BE6-FD07-4512-92F4-3E7DA40FF1FB} = {013311D9-EA08-4E50-A3DD-C2019622BB87}
		{6085B861-8525-4AC0-A0FE-478F20E17B46} = {013311D9-EA08-4E50-A3DD-C2019622BB87}
		{37D26505-BB97-4A90-A41E-59E4152CFB46} = {013311D9-EA08-4E50-A3DD-C2019622BB87}
		{0DCD2EE8-E7AB-44A6-A6E4-39337832FAC4} = {532262D5-9775-44AA-AEA8-DA692DDD1428}
		{88D57A5D-0E0B-4164-89A1-54C7E25824F2} = {532262D5-9775-44AA-AEA8-DA692DDD1428}
		{C4D93D33-01D4-490A-951B-CF17765E34C9} = {E014F18A-B475-4387-A508-7C2A69F4FAF5}
		{0C2A69DF-B5AB-45AF-A68A-729E5D0782FF} = {C4D93D33-01D4-490A-951B-CF17765E34C9}
		{9835D7AB-CD65-40A1-B000-2DB24AA863DE} = {C4D93D33-01D4-490A-951B-CF17765E34C9}
		{40455E3F-351E-41FB-B6FA-2B6A6681AA8F} = {C4D93D33-01D4-490A-951B-CF17765E34C9}
		{C5A96EB5-782B-4CDB-BCD9-F1A72FF51968} = {17EADEB1-D8A1-4F42-8AB2-5662FE548C70}
	EndGlobalSection
EndGlobal
