
Microsoft Visual Studio Solution File, Format Version 12.00
# Visual Studio Version 16
VisualStudioVersion = 16.0.30114.105
MinimumVisualStudioVersion = 10.0.40219.1
Project("{2150E333-8FDC-42A3-9474-1A3956D46DE8}") = "Bakery.SharedKernel", "Bakery.SharedKernel", "{E60171F2-2AEB-4CD1-A01B-82E7050F9B98}"
EndProject
Project("{FAE04EC0-301F-11D3-BF4B-00C04F79EFBC}") = "Bakery.SharedKernel", "Bakery.SharedKernel\Bakery.SharedKernel\Bakery.SharedKernel.csproj", "{71F15B63-850F-4674-A966-880D0A3ECBEB}"
EndProject
Project("{FAE04EC0-301F-11D3-BF4B-00C04F79EFBC}") = "Bakery.MongoDBRepository", "Bakery.SharedKernel\Bakery.MongoDBRepository\Bakery.MongoDBRepository.csproj", "{D4AD95AF-8CBA-4AD2-A3DC-871281B49894}"
EndProject
Project("{2150E333-8FDC-42A3-9474-1A3956D46DE8}") = "Bakery.EventBus", "Bakery.EventBus", "{A5CB3070-0CCC-4CCC-A7FF-1173CC25E134}"
EndProject
Project("{FAE04EC0-301F-11D3-BF4B-00C04F79EFBC}") = "Bakery.EventBus", "Bakery.EventBus\Bakery.EventBus\Bakery.EventBus.csproj", "{6524FE26-933B-4667-90C0-BEB5922ADEBC}"
EndProject
Project("{FAE04EC0-301F-11D3-BF4B-00C04F79EFBC}") = "Bakery.EventBusRabbitMQ", "Bakery.EventBus\Bakery.EventBusRabbitMQ\Bakery.EventBusRabbitMQ.csproj", "{2DDD2291-CC17-4222-AAFC-63E7884D6B5D}"
EndProject
Project("{2150E333-8FDC-42A3-9474-1A3956D46DE8}") = "Bakery.Services", "Bakery.Services", "{2C653A81-2578-4C9F-962C-8CE955434E3E}"
EndProject
Project("{2150E333-8FDC-42A3-9474-1A3956D46DE8}") = "Bakery.Member", "Bakery.Member", "{36D3E0F7-C392-4D7E-A67C-017C1B21043B}"
EndProject
Project("{FAE04EC0-301F-11D3-BF4B-00C04F79EFBC}") = "Bakery.Member.Api", "Bakery.Services\Bakery.Member\Bakery.Member.Api\Bakery.Member.Api.csproj", "{D1F022C8-1F78-4DE8-B29F-81C1A3FA7430}"
EndProject
Project("{FAE04EC0-301F-11D3-BF4B-00C04F79EFBC}") = "Bakery.Member.Core", "Bakery.Services\Bakery.Member\Bakery.Member.Core\Bakery.Member.Core.csproj", "{766FC307-85E8-41D7-AA25-08D73236C839}"
EndProject
Project("{FAE04EC0-301F-11D3-BF4B-00C04F79EFBC}") = "Bakery.Member.Infrastructure", "Bakery.Services\Bakery.Member\Bakery.Member.Infrastructure\Bakery.Member.Infrastructure.csproj", "{B9161EA7-CC4D-4638-946F-6BBFA208D4DD}"
EndProject
Project("{2150E333-8FDC-42A3-9474-1A3956D46DE8}") = "Bakery.Email", "Bakery.Email", "{082F369A-6CA8-4980-9E76-9151C83E9448}"
EndProject
Project("{FAE04EC0-301F-11D3-BF4B-00C04F79EFBC}") = "Bakery.Email.Api", "Bakery.Services\Bakery.Email\Bakery.Email.Api\Bakery.Email.Api.csproj", "{C02341E9-AFA5-410E-BD63-ABE919ED868E}"
EndProject
Project("{FAE04EC0-301F-11D3-BF4B-00C04F79EFBC}") = "Bakery.Email.Core", "Bakery.Services\Bakery.Email\Bakery.Email.Core\Bakery.Email.Core.csproj", "{643A30CB-8920-4B15-B25C-AC5B2D426F71}"
EndProject
Project("{FAE04EC0-301F-11D3-BF4B-00C04F79EFBC}") = "Bakery.Email.Infrastructure", "Bakery.Services\Bakery.Email\Bakery.Email.Infrastructure\Bakery.Email.Infrastructure.csproj", "{08496F24-79CB-4E8B-B21A-D7E17CBAE9A4}"
EndProject
Global
	GlobalSection(SolutionConfigurationPlatforms) = preSolution
		Debug|Any CPU = Debug|Any CPU
		Release|Any CPU = Release|Any CPU
	EndGlobalSection
	GlobalSection(SolutionProperties) = preSolution
		HideSolutionNode = FALSE
	EndGlobalSection
	GlobalSection(ProjectConfigurationPlatforms) = postSolution
		{71F15B63-850F-4674-A966-880D0A3ECBEB}.Debug|Any CPU.ActiveCfg = Debug|Any CPU
		{71F15B63-850F-4674-A966-880D0A3ECBEB}.Debug|Any CPU.Build.0 = Debug|Any CPU
		{71F15B63-850F-4674-A966-880D0A3ECBEB}.Release|Any CPU.ActiveCfg = Release|Any CPU
		{71F15B63-850F-4674-A966-880D0A3ECBEB}.Release|Any CPU.Build.0 = Release|Any CPU
		{D4AD95AF-8CBA-4AD2-A3DC-871281B49894}.Debug|Any CPU.ActiveCfg = Debug|Any CPU
		{D4AD95AF-8CBA-4AD2-A3DC-871281B49894}.Debug|Any CPU.Build.0 = Debug|Any CPU
		{D4AD95AF-8CBA-4AD2-A3DC-871281B49894}.Release|Any CPU.ActiveCfg = Release|Any CPU
		{D4AD95AF-8CBA-4AD2-A3DC-871281B49894}.Release|Any CPU.Build.0 = Release|Any CPU
		{6524FE26-933B-4667-90C0-BEB5922ADEBC}.Debug|Any CPU.ActiveCfg = Debug|Any CPU
		{6524FE26-933B-4667-90C0-BEB5922ADEBC}.Debug|Any CPU.Build.0 = Debug|Any CPU
		{6524FE26-933B-4667-90C0-BEB5922ADEBC}.Release|Any CPU.ActiveCfg = Release|Any CPU
		{6524FE26-933B-4667-90C0-BEB5922ADEBC}.Release|Any CPU.Build.0 = Release|Any CPU
		{2DDD2291-CC17-4222-AAFC-63E7884D6B5D}.Debug|Any CPU.ActiveCfg = Debug|Any CPU
		{2DDD2291-CC17-4222-AAFC-63E7884D6B5D}.Debug|Any CPU.Build.0 = Debug|Any CPU
		{2DDD2291-CC17-4222-AAFC-63E7884D6B5D}.Release|Any CPU.ActiveCfg = Release|Any CPU
		{2DDD2291-CC17-4222-AAFC-63E7884D6B5D}.Release|Any CPU.Build.0 = Release|Any CPU
		{D1F022C8-1F78-4DE8-B29F-81C1A3FA7430}.Debug|Any CPU.ActiveCfg = Debug|Any CPU
		{D1F022C8-1F78-4DE8-B29F-81C1A3FA7430}.Debug|Any CPU.Build.0 = Debug|Any CPU
		{D1F022C8-1F78-4DE8-B29F-81C1A3FA7430}.Release|Any CPU.ActiveCfg = Release|Any CPU
		{D1F022C8-1F78-4DE8-B29F-81C1A3FA7430}.Release|Any CPU.Build.0 = Release|Any CPU
		{766FC307-85E8-41D7-AA25-08D73236C839}.Debug|Any CPU.ActiveCfg = Debug|Any CPU
		{766FC307-85E8-41D7-AA25-08D73236C839}.Debug|Any CPU.Build.0 = Debug|Any CPU
		{766FC307-85E8-41D7-AA25-08D73236C839}.Release|Any CPU.ActiveCfg = Release|Any CPU
		{766FC307-85E8-41D7-AA25-08D73236C839}.Release|Any CPU.Build.0 = Release|Any CPU
		{B9161EA7-CC4D-4638-946F-6BBFA208D4DD}.Debug|Any CPU.ActiveCfg = Debug|Any CPU
		{B9161EA7-CC4D-4638-946F-6BBFA208D4DD}.Debug|Any CPU.Build.0 = Debug|Any CPU
		{B9161EA7-CC4D-4638-946F-6BBFA208D4DD}.Release|Any CPU.ActiveCfg = Release|Any CPU
		{B9161EA7-CC4D-4638-946F-6BBFA208D4DD}.Release|Any CPU.Build.0 = Release|Any CPU
		{C02341E9-AFA5-410E-BD63-ABE919ED868E}.Debug|Any CPU.ActiveCfg = Debug|Any CPU
		{C02341E9-AFA5-410E-BD63-ABE919ED868E}.Debug|Any CPU.Build.0 = Debug|Any CPU
		{C02341E9-AFA5-410E-BD63-ABE919ED868E}.Release|Any CPU.ActiveCfg = Release|Any CPU
		{C02341E9-AFA5-410E-BD63-ABE919ED868E}.Release|Any CPU.Build.0 = Release|Any CPU
		{643A30CB-8920-4B15-B25C-AC5B2D426F71}.Debug|Any CPU.ActiveCfg = Debug|Any CPU
		{643A30CB-8920-4B15-B25C-AC5B2D426F71}.Debug|Any CPU.Build.0 = Debug|Any CPU
		{643A30CB-8920-4B15-B25C-AC5B2D426F71}.Release|Any CPU.ActiveCfg = Release|Any CPU
		{643A30CB-8920-4B15-B25C-AC5B2D426F71}.Release|Any CPU.Build.0 = Release|Any CPU
		{08496F24-79CB-4E8B-B21A-D7E17CBAE9A4}.Debug|Any CPU.ActiveCfg = Debug|Any CPU
		{08496F24-79CB-4E8B-B21A-D7E17CBAE9A4}.Debug|Any CPU.Build.0 = Debug|Any CPU
		{08496F24-79CB-4E8B-B21A-D7E17CBAE9A4}.Release|Any CPU.ActiveCfg = Release|Any CPU
		{08496F24-79CB-4E8B-B21A-D7E17CBAE9A4}.Release|Any CPU.Build.0 = Release|Any CPU
	EndGlobalSection
	GlobalSection(NestedProjects) = preSolution
		{71F15B63-850F-4674-A966-880D0A3ECBEB} = {E60171F2-2AEB-4CD1-A01B-82E7050F9B98}
		{D4AD95AF-8CBA-4AD2-A3DC-871281B49894} = {E60171F2-2AEB-4CD1-A01B-82E7050F9B98}
		{6524FE26-933B-4667-90C0-BEB5922ADEBC} = {A5CB3070-0CCC-4CCC-A7FF-1173CC25E134}
		{2DDD2291-CC17-4222-AAFC-63E7884D6B5D} = {A5CB3070-0CCC-4CCC-A7FF-1173CC25E134}
		{36D3E0F7-C392-4D7E-A67C-017C1B21043B} = {2C653A81-2578-4C9F-962C-8CE955434E3E}
		{D1F022C8-1F78-4DE8-B29F-81C1A3FA7430} = {36D3E0F7-C392-4D7E-A67C-017C1B21043B}
		{766FC307-85E8-41D7-AA25-08D73236C839} = {36D3E0F7-C392-4D7E-A67C-017C1B21043B}
		{B9161EA7-CC4D-4638-946F-6BBFA208D4DD} = {36D3E0F7-C392-4D7E-A67C-017C1B21043B}
		{082F369A-6CA8-4980-9E76-9151C83E9448} = {2C653A81-2578-4C9F-962C-8CE955434E3E}
		{C02341E9-AFA5-410E-BD63-ABE919ED868E} = {082F369A-6CA8-4980-9E76-9151C83E9448}
		{643A30CB-8920-4B15-B25C-AC5B2D426F71} = {082F369A-6CA8-4980-9E76-9151C83E9448}
		{08496F24-79CB-4E8B-B21A-D7E17CBAE9A4} = {082F369A-6CA8-4980-9E76-9151C83E9448}
	EndGlobalSection
EndGlobal
